# THIS IS AN AUTOGENERATED FILE. DO NOT EDIT THIS FILE DIRECTLY.
# yarn lockfile v1


iconv-lite@0.5.1:
  version "0.5.1"
  resolved "https://registry.yarnpkg.com/iconv-lite/-/iconv-lite-0.5.1.tgz#b2425d3c7b18f7219f2ca663d103bddb91718d64"
  integrity sha512-ONHr16SQvKZNSqjQT9gy5z24Jw+uqfO02/ngBSBoqChZ+W8qXX7GPRa1RoUnzGADw8K63R1BXUMzarCVQBpY8Q==
  dependencies:
    safer-buffer ">= 2.1.2 < 3"

node-id3@^0.1.18:
  version "0.1.18"
  resolved "https://registry.yarnpkg.com/node-id3/-/node-id3-0.1.18.tgz#a0457f662b0efef654100865da774588227cf8ef"
  integrity sha512-XWjPWER49KeWCvCBLsAlUFylLL1Dq8/l4c2AMENk/91HD/4Y5SMRHXhFo6RjfQvHoR+6olPJqg7JO6+Uw9ipag==
  dependencies:
    iconv-lite "0.5.1"

"safer-buffer@>= 2.1.2 < 3":
  version "2.1.2"
  resolved "https://registry.yarnpkg.com/safer-buffer/-/safer-buffer-2.1.2.tgz#44fa161b0187b9549dd84bb91802f9bd8385cd6a"
  integrity sha512-YZo3K82SD7Riyi0E1EQPojLz7kpepnSQI9IyPbHHg1XXXevb5dJI7tpyN2ADxGcQbHG7vcyRHk0cbwqcQriUtg==
